<Solution>
  <Project Path="../תרגיל 2/תרגיל 2.csproj" Id="c3de8e84-41ca-48fd-8f24-2a59aeab1810" />
  <Project Path="../תרגיל 3 - ניהול מלאי וקליטת ספקים/תרגיל 3 - ניהול מלאי וקליטת ספקים.csproj" Id="09f13b32-66be-4e72-aa2b-b4962de52daf" />
  <Project Path="חזרה על חריגות וGUI.csproj" />
</Solution>
